
Microsoft Visual Studio Solution File, Format Version 11.00
# Visual Studio 2010
Project("{8BC9CEB8-8B4A-11D0-8D11-00A0C91BC942}") = "3_2", "3_2\3_2.vcxproj", "{CD7D696E-92E7-4FBD-83E0-D09410DBE630}"
EndProject
Global
	GlobalSection(SolutionConfigurationPlatforms) = preSolution
		Debug|Win32 = Debug|Win32
		Release|Win32 = Release|Win32
	EndGlobalSection
	GlobalSection(ProjectConfigurationPlatforms) = postSolution
		{CD7D696E-92E7-4FBD-83E0-D09410DBE630}.Debug|Win32.ActiveCfg = Debug|Win32
		{CD7D696E-92E7-4FBD-83E0-D09410DBE630}.Debug|Win32.Build.0 = Debug|Win32
		{CD7D696E-92E7-4FBD-83E0-D09410DBE630}.Release|Win32.ActiveCfg = Release|Win32
		{CD7D696E-92E7-4FBD-83E0-D09410DBE630}.Release|Win32.Build.0 = Release|Win32
	EndGlobalSection
	GlobalSection(SolutionProperties) = preSolution
		HideSolutionNode = FALSE
	EndGlobalSection
EndGlobal
