
Microsoft Visual Studio Solution File, Format Version 11.00
# Visual Studio 2010
Project("{8BC9CEB8-8B4A-11D0-8D11-00A0C91BC942}") = "1_1", "1_1\1_1.vcxproj", "{7E157E8F-C35E-41AF-A3F7-7F68E05F8BF7}"
EndProject
Global
	GlobalSection(SolutionConfigurationPlatforms) = preSolution
		Debug|Win32 = Debug|Win32
		Release|Win32 = Release|Win32
	EndGlobalSection
	GlobalSection(ProjectConfigurationPlatforms) = postSolution
		{7E157E8F-C35E-41AF-A3F7-7F68E05F8BF7}.Debug|Win32.ActiveCfg = Debug|Win32
		{7E157E8F-C35E-41AF-A3F7-7F68E05F8BF7}.Debug|Win32.Build.0 = Debug|Win32
		{7E157E8F-C35E-41AF-A3F7-7F68E05F8BF7}.Release|Win32.ActiveCfg = Release|Win32
		{7E157E8F-C35E-41AF-A3F7-7F68E05F8BF7}.Release|Win32.Build.0 = Release|Win32
	EndGlobalSection
	GlobalSection(SolutionProperties) = preSolution
		HideSolutionNode = FALSE
	EndGlobalSection
EndGlobal
